
Microsoft Visual Studio Solution File, Format Version 12.00
# Visual Studio Version 17
VisualStudioVersion = 17.1.32414.318
MinimumVisualStudioVersion = 10.0.40219.1
Project("{FAE04EC0-301F-11D3-BF4B-00C04F79EFBC}") = "MY TIC-TAC-TOE 01", "MY TIC-TAC-TOE 01\MY TIC-TAC-TOE 01.csproj", "{AA59674B-869D-4BB0-B5FE-45376A66ED89}"
EndProject
Global
	GlobalSection(SolutionConfigurationPlatforms) = preSolution
		Debug|Any CPU = Debug|Any CPU
		Release|Any CPU = Release|Any CPU
	EndGlobalSection
	GlobalSection(ProjectConfigurationPlatforms) = postSolution
		{AA59674B-869D-4BB0-B5FE-45376A66ED89}.Debug|Any CPU.ActiveCfg = Debug|Any CPU
		{AA59674B-869D-4BB0-B5FE-45376A66ED89}.Debug|Any CPU.Build.0 = Debug|Any CPU
		{AA59674B-869D-4BB0-B5FE-45376A66ED89}.Release|Any CPU.ActiveCfg = Release|Any CPU
		{AA59674B-869D-4BB0-B5FE-45376A66ED89}.Release|Any CPU.Build.0 = Release|Any CPU
	EndGlobalSection
	GlobalSection(SolutionProperties) = preSolution
		HideSolutionNode = FALSE
	EndGlobalSection
	GlobalSection(ExtensibilityGlobals) = postSolution
		SolutionGuid = {A7CEC644-AC84-4754-A2BD-1EFE4F7EE923}
	EndGlobalSection
EndGlobal
